Microsoft Visual Studio Solution File, Format Version 12.00
# Visual Studio Version 17
VisualStudioVersion = 17.5.2.0
MinimumVisualStudioVersion = 10.0.40219.1
Project("{FAE04EC0-301F-11D3-BF4B-00C04F79EFBC}") = "divarTlBot", "divarTlBot.csproj", "{62244D34-CBFA-F6B8-F8B3-80963CD29672}"
EndProject
Global
	GlobalSection(SolutionConfigurationPlatforms) = preSolution
		Debug|Any CPU = Debug|Any CPU
		Release|Any CPU = Release|Any CPU
	EndGlobalSection
	GlobalSection(ProjectConfigurationPlatforms) = postSolution
		{62244D34-CBFA-F6B8-F8B3-80963CD29672}.Debug|Any CPU.ActiveCfg = Debug|Any CPU
		{62244D34-CBFA-F6B8-F8B3-80963CD29672}.Debug|Any CPU.Build.0 = Debug|Any CPU
		{62244D34-CBFA-F6B8-F8B3-80963CD29672}.Release|Any CPU.ActiveCfg = Release|Any CPU
		{62244D34-CBFA-F6B8-F8B3-80963CD29672}.Release|Any CPU.Build.0 = Release|Any CPU
	EndGlobalSection
	GlobalSection(SolutionProperties) = preSolution
		HideSolutionNode = FALSE
	EndGlobalSection
	GlobalSection(ExtensibilityGlobals) = postSolution
		SolutionGuid = {14C4F5E5-282B-4AE6-91B7-16CB6CA467AF}
	EndGlobalSection
EndGlobal
